
Microsoft Visual Studio Solution File, Format Version 12.00
# Visual Studio 15
VisualStudioVersion = 15.0.27004.2005
MinimumVisualStudioVersion = 10.0.40219.1
Project("{FAE04EC0-301F-11D3-BF4B-00C04F79EFBC}") = "Avinode", "Avinode\Avinode.csproj", "{47A1584A-5FE7-44DA-B2AF-8CD96A658133}"
EndProject
Global
	GlobalSection(SolutionConfigurationPlatforms) = preSolution
		Debug|Any CPU = Debug|Any CPU
		Release|Any CPU = Release|Any CPU
	EndGlobalSection
	GlobalSection(ProjectConfigurationPlatforms) = postSolution
		{47A1584A-5FE7-44DA-B2AF-8CD96A658133}.Debug|Any CPU.ActiveCfg = Debug|Any CPU
		{47A1584A-5FE7-44DA-B2AF-8CD96A658133}.Debug|Any CPU.Build.0 = Debug|Any CPU
		{47A1584A-5FE7-44DA-B2AF-8CD96A658133}.Release|Any CPU.ActiveCfg = Release|Any CPU
		{47A1584A-5FE7-44DA-B2AF-8CD96A658133}.Release|Any CPU.Build.0 = Release|Any CPU
	EndGlobalSection
	GlobalSection(SolutionProperties) = preSolution
		HideSolutionNode = FALSE
	EndGlobalSection
	GlobalSection(ExtensibilityGlobals) = postSolution
		SolutionGuid = {3B41C8B2-176B-4367-BE16-569AA60A6E9E}
	EndGlobalSection
EndGlobal
